
Microsoft Visual Studio Solution File, Format Version 12.00
# Visual Studio Version 16
VisualStudioVersion = 16.0.31515.178
MinimumVisualStudioVersion = 10.0.40219.1
Project("{FAE04EC0-301F-11D3-BF4B-00C04F79EFBC}") = "Fibonacci_series", "Fibonacci_series\Fibonacci_series.csproj", "{EFDB9A9B-CD72-4846-AD2D-A08222BD1E2C}"
EndProject
Global
	GlobalSection(SolutionConfigurationPlatforms) = preSolution
		Debug|Any CPU = Debug|Any CPU
		Release|Any CPU = Release|Any CPU
	EndGlobalSection
	GlobalSection(ProjectConfigurationPlatforms) = postSolution
		{EFDB9A9B-CD72-4846-AD2D-A08222BD1E2C}.Debug|Any CPU.ActiveCfg = Debug|Any CPU
		{EFDB9A9B-CD72-4846-AD2D-A08222BD1E2C}.Debug|Any CPU.Build.0 = Debug|Any CPU
		{EFDB9A9B-CD72-4846-AD2D-A08222BD1E2C}.Release|Any CPU.ActiveCfg = Release|Any CPU
		{EFDB9A9B-CD72-4846-AD2D-A08222BD1E2C}.Release|Any CPU.Build.0 = Release|Any CPU
	EndGlobalSection
	GlobalSection(SolutionProperties) = preSolution
		HideSolutionNode = FALSE
	EndGlobalSection
	GlobalSection(ExtensibilityGlobals) = postSolution
		SolutionGuid = {30131504-0EE2-4F4D-9AC5-F388DBDAC42F}
	EndGlobalSection
EndGlobal
