
Microsoft Visual Studio Solution File, Format Version 12.00
# Visual Studio Version 16
VisualStudioVersion = 16.0.31515.178
MinimumVisualStudioVersion = 10.0.40219.1
Project("{FAE04EC0-301F-11D3-BF4B-00C04F79EFBC}") = "HelloWorld", "HelloWorld\HelloWorld.csproj", "{B4861AB3-2BBC-4AF1-B066-B3B6B98F74FC}"
EndProject
Global
	GlobalSection(SolutionConfigurationPlatforms) = preSolution
		Debug|Any CPU = Debug|Any CPU
		Release|Any CPU = Release|Any CPU
	EndGlobalSection
	GlobalSection(ProjectConfigurationPlatforms) = postSolution
		{B4861AB3-2BBC-4AF1-B066-B3B6B98F74FC}.Debug|Any CPU.ActiveCfg = Debug|Any CPU
		{B4861AB3-2BBC-4AF1-B066-B3B6B98F74FC}.Debug|Any CPU.Build.0 = Debug|Any CPU
		{B4861AB3-2BBC-4AF1-B066-B3B6B98F74FC}.Release|Any CPU.ActiveCfg = Release|Any CPU
		{B4861AB3-2BBC-4AF1-B066-B3B6B98F74FC}.Release|Any CPU.Build.0 = Release|Any CPU
	EndGlobalSection
	GlobalSection(SolutionProperties) = preSolution
		HideSolutionNode = FALSE
	EndGlobalSection
	GlobalSection(ExtensibilityGlobals) = postSolution
		SolutionGuid = {5E9B01EC-8460-40F7-AB3D-2742114DD519}
	EndGlobalSection
EndGlobal
