
Microsoft Visual Studio Solution File, Format Version 12.00
# Visual Studio Version 16
VisualStudioVersion = 16.0.31515.178
MinimumVisualStudioVersion = 10.0.40219.1
Project("{FAE04EC0-301F-11D3-BF4B-00C04F79EFBC}") = "Polymorphism_virtual_override", "Polymorphism_virtual_override\Polymorphism_virtual_override.csproj", "{61085118-00BD-4A1A-94F3-F690755358CC}"
EndProject
Global
	GlobalSection(SolutionConfigurationPlatforms) = preSolution
		Debug|Any CPU = Debug|Any CPU
		Release|Any CPU = Release|Any CPU
	EndGlobalSection
	GlobalSection(ProjectConfigurationPlatforms) = postSolution
		{61085118-00BD-4A1A-94F3-F690755358CC}.Debug|Any CPU.ActiveCfg = Debug|Any CPU
		{61085118-00BD-4A1A-94F3-F690755358CC}.Debug|Any CPU.Build.0 = Debug|Any CPU
		{61085118-00BD-4A1A-94F3-F690755358CC}.Release|Any CPU.ActiveCfg = Release|Any CPU
		{61085118-00BD-4A1A-94F3-F690755358CC}.Release|Any CPU.Build.0 = Release|Any CPU
	EndGlobalSection
	GlobalSection(SolutionProperties) = preSolution
		HideSolutionNode = FALSE
	EndGlobalSection
	GlobalSection(ExtensibilityGlobals) = postSolution
		SolutionGuid = {E0924B7F-37DA-4F28-8DBD-2B48149D7957}
	EndGlobalSection
EndGlobal
